// !$*UTF8*$!
{
	archiveVersion = 1;
	classes = {
	};
	objectVersion = 48;
	objects = {

/* Begin PBXBuildFile section */
		D6BDE2811FD7262600238CE5 /* AppDelegate.swift in Sources */ = {isa = PBXBuildFile; fileRef = D6BDE2801FD7262600238CE5 /* AppDelegate.swift */; };
		D6BDE2831FD7262600238CE5 /* ViewController.swift in Sources */ = {isa = PBXBuildFile; fileRef = D6BDE2821FD7262600238CE5 /* ViewController.swift */; };
		D6BDE2861FD7262600238CE5 /* Main.storyboard in Resources */ = {isa = PBXBuildFile; fileRef = D6BDE2841FD7262600238CE5 /* Main.storyboard */; };
		D6BDE2881FD7262600238CE5 /* Assets.xcassets in Resources */ = {isa = PBXBuildFile; fileRef = D6BDE2871FD7262600238CE5 /* Assets.xcassets */; };
		D6BDE28B1FD7262600238CE5 /* LaunchScreen.storyboard in Resources */ = {isa = PBXBuildFile; fileRef = D6BDE2891FD7262600238CE5 /* LaunchScreen.storyboard */; };
		D6BDE2961FD7262600238CE5 /* TestAdrianTests.swift in Sources */ = {isa = PBXBuildFile; fileRef = D6BDE2951FD7262600238CE5 /* TestAdrianTests.swift */; };
		D6BDE2A11FD7262600238CE5 /* TestAdrianUITests.swift in Sources */ = {isa = PBXBuildFile; fileRef = D6BDE2A01FD7262600238CE5 /* TestAdrianUITests.swift */; };
/* End PBXBuildFile section */

/* Begin PBXContainerItemProxy section */
		D6BDE2921FD7262600238CE5 /* PBXContainerItemProxy */ = {
			isa = PBXContainerItemProxy;
			containerPortal = D6BDE2751FD7262600238CE5 /* Project object */;
			proxyType = 1;
			remoteGlobalIDString = D6BDE27C1FD7262600238CE5;
			remoteInfo = TestAdrian;
		};
		D6BDE29D1FD7262600238CE5 /* PBXContainerItemProxy */ = {
			isa = PBXContainerItemProxy;
			containerPortal = D6BDE2751FD7262600238CE5 /* Project object */;
			proxyType = 1;
			remoteGlobalIDString = D6BDE27C1FD7262600238CE5;
			remoteInfo = TestAdrian;
		};
/* End PBXContainerItemProxy section */

/* Begin PBXFileReference section */
		D6BDE27D1FD7262600238CE5 /* TestAdrian.app */ = {isa = PBXFileReference; explicitFileType = wrapper.application; includeInIndex = 0; path = TestAdrian.app; sourceTree = BUILT_PRODUCTS_DIR; };
		D6BDE2801FD7262600238CE5 /* AppDelegate.swift */ = {isa = PBXFileReference; lastKnownFileType = sourcecode.swift; path = AppDelegate.swift; sourceTree = "<group>"; };
		D6BDE2821FD7262600238CE5 /* ViewController.swift */ = {isa = PBXFileReference; lastKnownFileType = sourcecode.swift; path = ViewController.swift; sourceTree = "<group>"; };
		D6BDE2851FD7262600238CE5 /* Base */ = {isa = PBXFileReference; lastKnownFileType = file.storyboard; name = Base; path = Base.lproj/Main.storyboard; sourceTree = "<group>"; };
		D6BDE2871FD7262600238CE5 /* Assets.xcassets */ = {isa = PBXFileReference; lastKnownFileType = folder.assetcatalog; path = Assets.xcassets; sourceTree = "<group>"; };
		D6BDE28A1FD7262600238CE5 /* Base */ = {isa = PBXFileReference; lastKnownFileType = file.storyboard; name = Base; path = Base.lproj/LaunchScreen.storyboard; sourceTree = "<group>"; };
		D6BDE28C1FD7262600238CE5 /* Info.plist */ = {isa = PBXFileReference; lastKnownFileType = text.plist.xml; path = Info.plist; sourceTree = "<group>"; };
		D6BDE2911FD7262600238CE5 /* TestAdrianTests.xctest */ = {isa = PBXFileReference; explicitFileType = wrapper.cfbundle; includeInIndex = 0; path = TestAdrianTests.xctest; sourceTree = BUILT_PRODUCTS_DIR; };
		D6BDE2951FD7262600238CE5 /* TestAdrianTests.swift */ = {isa = PBXFileReference; lastKnownFileType = sourcecode.swift; path = TestAdrianTests.swift; sourceTree = "<group>"; };
		D6BDE2971FD7262600238CE5 /* Info.plist */ = {isa = PBXFileReference; lastKnownFileType = text.plist.xml; path = Info.plist; sourceTree = "<group>"; };
		D6BDE29C1FD7262600238CE5 /* TestAdrianUITests.xctest */ = {isa = PBXFileReference; explicitFileType = wrapper.cfbundle; includeInIndex = 0; path = TestAdrianUITests.xctest; sourceTree = BUILT_PRODUCTS_DIR; };
		D6BDE2A01FD7262600238CE5 /* TestAdrianUITests.swift */ = {isa = PBXFileReference; lastKnownFileType = sourcecode.swift; path = TestAdrianUITests.swift; sourceTree = "<group>"; };
		D6BDE2A21FD7262600238CE5 /* Info.plist */ = {isa = PBXFileReference; lastKnownFileType = text.plist.xml; path = Info.plist; sourceTree = "<group>"; };
/* End PBXFileReference section */

/* Begin PBXFrameworksBuildPhase section */
		D6BDE27A1FD7262600238CE5 /* Frameworks */ = {
			isa = PBXFrameworksBuildPhase;
			buildActionMask = 2147483647;
			files = (
			);
			runOnlyForDeploymentPostprocessing = 0;
		};
		D6BDE28E1FD7262600238CE5 /* Frameworks */ = {
			isa = PBXFrameworksBuildPhase;
			buildActionMask = 2147483647;
			files = (
			);
			runOnlyForDeploymentPostprocessing = 0;
		};
		D6BDE2991FD7262600238CE5 /* Frameworks */ = {
			isa = PBXFrameworksBuildPhase;
			buildActionMask = 2147483647;
			files = (
			);
			runOnlyForDeploymentPostprocessing = 0;
		};
/* End PBXFrameworksBuildPhase section */

/* Begin PBXGroup section */
		D6BDE2741FD7262600238CE5 = {
			isa = PBXGroup;
			children = (
				D6BDE27F1FD7262600238CE5 /* TestAdrian */,
				D6BDE2941FD7262600238CE5 /* TestAdrianTests */,
				D6BDE29F1FD7262600238CE5 /* TestAdrianUITests */,
				D6BDE27E1FD7262600238CE5 /* Products */,
			);
			sourceTree = "<group>";
		};
		D6BDE27E1FD7262600238CE5 /* Products */ = {
			isa = PBXGroup;
			children = (
				D6BDE27D1FD7262600238CE5 /* TestAdrian.app */,
				D6BDE2911FD7262600238CE5 /* TestAdrianTests.xctest */,
				D6BDE29C1FD7262600238CE5 /* TestAdrianUITests.xctest */,
			);
			name = Products;
			sourceTree = "<group>";
		};
		D6BDE27F1FD7262600238CE5 /* TestAdrian */ = {
			isa = PBXGroup;
			children = (
				D6BDE2801FD7262600238CE5 /* AppDelegate.swift */,
				D6BDE2821FD7262600238CE5 /* ViewController.swift */,
				D6BDE2841FD7262600238CE5 /* Main.storyboard */,
				D6BDE2871FD7262600238CE5 /* Assets.xcassets */,
				D6BDE2891FD7262600238CE5 /* LaunchScreen.storyboard */,
				D6BDE28C1FD7262600238CE5 /* Info.plist */,
			);
			path = TestAdrian;
			sourceTree = "<group>";
		};
		D6BDE2941FD7262600238CE5 /* TestAdrianTests */ = {
			isa = PBXGroup;
			children = (
				D6BDE2951FD7262600238CE5 /* TestAdrianTests.swift */,
				D6BDE2971FD7262600238CE5 /* Info.plist */,
			);
			path = TestAdrianTests;
			sourceTree = "<group>";
		};
		D6BDE29F1FD7262600238CE5 /* TestAdrianUITests */ = {
			isa = PBXGroup;
			children = (
				D6BDE2A01FD7262600238CE5 /* TestAdrianUITests.swift */,
				D6BDE2A21FD7262600238CE5 /* Info.plist */,
			);
			path = TestAdrianUITests;
			sourceTree = "<group>";
		};
/* End PBXGroup section */

/* Begin PBXNativeTarget section */
		D6BDE27C1FD7262600238CE5 /* TestAdrian */ = {
			isa = PBXNativeTarget;
			buildConfigurationList = D6BDE2A51FD7262600238CE5 /* Build configuration list for PBXNativeTarget "TestAdrian" */;
			buildPhases = (
				D6BDE2791FD7262600238CE5 /* Sources */,
				D6BDE27A1FD7262600238CE5 /* Frameworks */,
				D6BDE27B1FD7262600238CE5 /* Resources */,
			);
			buildRules = (
			);
			dependencies = (
			);
			name = TestAdrian;
			productName = TestAdrian;
			productReference = D6BDE27D1FD7262600238CE5 /* TestAdrian.app */;
			productType = "com.apple.product-type.application";
		};
		D6BDE2901FD7262600238CE5 /* TestAdrianTests */ = {
			isa = PBXNativeTarget;
			buildConfigurationList = D6BDE2A81FD7262600238CE5 /* Build configuration list for PBXNativeTarget "TestAdrianTests" */;
			buildPhases = (
				D6BDE28D1FD7262600238CE5 /* Sources */,
				D6BDE28E1FD7262600238CE5 /* Frameworks */,
				D6BDE28F1FD7262600238CE5 /* Resources */,
			);
			buildRules = (
			);
			dependencies = (
				D6BDE2931FD7262600238CE5 /* PBXTargetDependency */,
			);
			name = TestAdrianTests;
			productName = TestAdrianTests;
			productReference = D6BDE2911FD7262600238CE5 /* TestAdrianTests.xctest */;
			productType = "com.apple.product-type.bundle.unit-test";
		};
		D6BDE29B1FD7262600238CE5 /* TestAdrianUITests */ = {
			isa = PBXNativeTarget;
			buildConfigurationList = D6BDE2AB1FD7262600238CE5 /* Build configuration list for PBXNativeTarget "TestAdrianUITests" */;
			buildPhases = (
				D6BDE2981FD7262600238CE5 /* Sources */,
				D6BDE2991FD7262600238CE5 /* Frameworks */,
				D6BDE29A1FD7262600238CE5 /* Resources */,
			);
			buildRules = (
			);
			dependencies = (
				D6BDE29E1FD7262600238CE5 /* PBXTargetDependency */,
			);
			name = TestAdrianUITests;
			productName = TestAdrianUITests;
			productReference = D6BDE29C1FD7262600238CE5 /* TestAdrianUITests.xctest */;
			productType = "com.apple.product-type.bundle.ui-testing";
		};
/* End PBXNativeTarget section */

/* Begin PBXProject section */
		D6BDE2751FD7262600238CE5 /* Project object */ = {
			isa = PBXProject;
			attributes = {
				LastSwiftUpdateCheck = 0910;
				LastUpgradeCheck = 0910;
				ORGANIZATIONNAME = "Dhanushka Adrian";
				TargetAttributes = {
					D6BDE27C1FD7262600238CE5 = {
						CreatedOnToolsVersion = 9.1;
						ProvisioningStyle = Automatic;
					};
					D6BDE2901FD7262600238CE5 = {
						CreatedOnToolsVersion = 9.1;
						ProvisioningStyle = Automatic;
						TestTargetID = D6BDE27C1FD7262600238CE5;
					};
					D6BDE29B1FD7262600238CE5 = {
						CreatedOnToolsVersion = 9.1;
						ProvisioningStyle = Automatic;
						TestTargetID = D6BDE27C1FD7262600238CE5;
					};
				};
			};
			buildConfigurationList = D6BDE2781FD7262600238CE5 /* Build configuration list for PBXProject "TestAdrian" */;
			compatibilityVersion = "Xcode 8.0";
			developmentRegion = en;
			hasScannedForEncodings = 0;
			knownRegions = (
				en,
				Base,
			);
			mainGroup = D6BDE2741FD7262600238CE5;
			productRefGroup = D6BDE27E1FD7262600238CE5 /* Products */;
			projectDirPath = "";
			projectRoot = "";
			targets = (
				D6BDE27C1FD7262600238CE5 /* TestAdrian */,
				D6BDE2901FD7262600238CE5 /* TestAdrianTests */,
				D6BDE29B1FD7262600238CE5 /* TestAdrianUITests */,
			);
		};
/* End PBXProject section */

/* Begin PBXResourcesBuildPhase section */
		D6BDE27B1FD7262600238CE5 /* Resources */ = {
			isa = PBXResourcesBuildPhase;
			buildActionMask = 2147483647;
			files = (
				D6BDE28B1FD7262600238CE5 /* LaunchScreen.storyboard in Resources */,
				D6BDE2881FD7262600238CE5 /* Assets.xcassets in Resources */,
				D6BDE2861FD7262600238CE5 /* Main.storyboard in Resources */,
			);
			runOnlyForDeploymentPostprocessing = 0;
		};
		D6BDE28F1FD7262600238CE5 /* Resources */ = {
			isa = PBXResourcesBuildPhase;
			buildActionMask = 2147483647;
			files = (
			);
			runOnlyForDeploymentPostprocessing = 0;
		};
		D6BDE29A1FD7262600238CE5 /* Resources */ = {
			isa = PBXResourcesBuildPhase;
			buildActionMask = 2147483647;
			files = (
			);
			runOnlyForDeploymentPostprocessing = 0;
		};
/* End PBXResourcesBuildPhase section */

/* Begin PBXSourcesBuildPhase section */
		D6BDE2791FD7262600238CE5 /* Sources */ = {
			isa = PBXSourcesBuildPhase;
			buildActionMask = 2147483647;
			files = (
				D6BDE2831FD7262600238CE5 /* ViewController.swift in Sources */,
				D6BDE2811FD7262600238CE5 /* AppDelegate.swift in Sources */,
			);
			runOnlyForDeploymentPostprocessing = 0;
		};
		D6BDE28D1FD7262600238CE5 /* Sources */ = {
			isa = PBXSourcesBuildPhase;
			buildActionMask = 2147483647;
			files = (
				D6BDE2961FD7262600238CE5 /* TestAdrianTests.swift in Sources */,
			);
			runOnlyForDeploymentPostprocessing = 0;
		};
		D6BDE2981FD7262600238CE5 /* Sources */ = {
			isa = PBXSourcesBuildPhase;
			buildActionMask = 2147483647;
			files = (
				D6BDE2A11FD7262600238CE5 /* TestAdrianUITests.swift in Sources */,
			);
			runOnlyForDeploymentPostprocessing = 0;
		};
/* End PBXSourcesBuildPhase section */

/* Begin PBXTargetDependency section */
		D6BDE2931FD7262600238CE5 /* PBXTargetDependency */ = {
			isa = PBXTargetDependency;
			target = D6BDE27C1FD7262600238CE5 /* TestAdrian */;
			targetProxy = D6BDE2921FD7262600238CE5 /* PBXContainerItemProxy */;
		};
		D6BDE29E1FD7262600238CE5 /* PBXTargetDependency */ = {
			isa = PBXTargetDependency;
			target = D6BDE27C1FD7262600238CE5 /* TestAdrian */;
			targetProxy = D6BDE29D1FD7262600238CE5 /* PBXContainerItemProxy */;
		};
/* End PBXTargetDependency section */

/* Begin PBXVariantGroup section */
		D6BDE2841FD7262600238CE5 /* Main.storyboard */ = {
			isa = PBXVariantGroup;
			children = (
				D6BDE2851FD7262600238CE5 /* Base */,
			);
			name = Main.storyboard;
			sourceTree = "<group>";
		};
		D6BDE2891FD7262600238CE5 /* LaunchScreen.storyboard */ = {
			isa = PBXVariantGroup;
			children = (
				D6BDE28A1FD7262600238CE5 /* Base */,
			);
			name = LaunchScreen.storyboard;
			sourceTree = "<group>";
		};
/* End PBXVariantGroup section */

/* Begin XCBuildConfiguration section */
		D6BDE2A31FD7262600238CE5 /* Debug */ = {
			isa = XCBuildConfiguration;
			buildSettings = {
				ALWAYS_SEARCH_USER_PATHS = NO;
				CLANG_ANALYZER_NONNULL = YES;
				CLANG_ANALYZER_NUMBER_OBJECT_CONVERSION = YES_AGGRESSIVE;
				CLANG_CXX_LANGUAGE_STANDARD = "gnu++14";
				CLANG_CXX_LIBRARY = "libc++";
				CLANG_ENABLE_MODULES = YES;
				CLANG_ENABLE_OBJC_ARC = YES;
				CLANG_WARN_BLOCK_CAPTURE_AUTORELEASING = YES;
				CLANG_WARN_BOOL_CONVERSION = YES;
				CLANG_WARN_COMMA = YES;
				CLANG_WARN_CONSTANT_CONVERSION = YES;
				CLANG_WARN_DIRECT_OBJC_ISA_USAGE = YES_ERROR;
				CLANG_WARN_DOCUMENTATION_COMMENTS = YES;
				CLANG_WARN_EMPTY_BODY = YES;
				CLANG_WARN_ENUM_CONVERSION = YES;
				CLANG_WARN_INFINITE_RECURSION = YES;
				CLANG_WARN_INT_CONVERSION = YES;
				CLANG_WARN_NON_LITERAL_NULL_CONVERSION = YES;
				CLANG_WARN_OBJC_LITERAL_CONVERSION = YES;
				CLANG_WARN_OBJC_ROOT_CLASS = YES_ERROR;
				CLANG_WARN_RANGE_LOOP_ANALYSIS = YES;
				CLANG_WARN_STRICT_PROTOTYPES = YES;
				CLANG_WARN_SUSPICIOUS_MOVE = YES;
				CLANG_WARN_UNGUARDED_AVAILABILITY = YES_AGGRESSIVE;
				CLANG_WARN_UNREACHABLE_CODE = YES;
				CLANG_WARN__DUPLICATE_METHOD_MATCH = YES;
				CODE_SIGN_IDENTITY = "iPhone Developer";
				COPY_PHASE_STRIP = NO;
				DEBUG_INFORMATION_FORMAT = dwarf;
				ENABLE_STRICT_OBJC_MSGSEND = YES;
				ENABLE_TESTABILITY = YES;
				GCC_C_LANGUAGE_STANDARD = gnu11;
				GCC_DYNAMIC_NO_PIC = NO;
				GCC_NO_COMMON_BLOCKS = YES;
				GCC_OPTIMIZATION_LEVEL = 0;
				GCC_PREPROCESSOR_DEFINITIONS = (
					"DEBUG=1",
					"$(inherited)",
				);
				GCC_WARN_64_TO_32_BIT_CONVERSION = YES;
				GCC_WARN_ABOUT_RETURN_TYPE = YES_ERROR;
				GCC_WARN_UNDECLARED_SELECTOR = YES;
				GCC_WARN_UNINITIALIZED_AUTOS = YES_AGGRESSIVE;
				GCC_WARN_UNUSED_FUNCTION = YES;
				GCC_WARN_UNUSED_VARIABLE = YES;
				IPHONEOS_DEPLOYMENT_TARGET = 11.1;
				MTL_ENABLE_DEBUG_INFO = YES;
				ONLY_ACTIVE_ARCH = YES;
				SDKROOT = iphoneos;
				SWIFT_ACTIVE_COMPILATION_CONDITIONS = DEBUG;
				SWIFT_OPTIMIZATION_LEVEL = "-Onone";
			};
			name = Debug;
		};
		D6BDE2A41FD7262600238CE5 /* Release */ = {
			isa = XCBuildConfiguration;
			buildSettings = {
				ALWAYS_SEARCH_USER_PATHS = NO;
				CLANG_ANALYZER_NONNULL = YES;
				CLANG_ANALYZER_NUMBER_OBJECT_CONVERSION = YES_AGGRESSIVE;
				CLANG_CXX_LANGUAGE_STANDARD = "gnu++14";
				CLANG_CXX_LIBRARY = "libc++";
				CLANG_ENABLE_MODULES = YES;
				CLANG_ENABLE_OBJC_ARC = YES;
				CLANG_WARN_BLOCK_CAPTURE_AUTORELEASING = YES;
				CLANG_WARN_BOOL_CONVERSION = YES;
				CLANG_WARN_COMMA = YES;
				CLANG_WARN_CONSTANT_CONVERSION = YES;
				CLANG_WARN_DIRECT_OBJC_ISA_USAGE = YES_ERROR;
				CLANG_WARN_DOCUMENTATION_COMMENTS = YES;
				CLANG_WARN_EMPTY_BODY = YES;
				CLANG_WARN_ENUM_CONVERSION = YES;
				CLANG_WARN_INFINITE_RECURSION = YES;
				CLANG_WARN_INT_CONVERSION = YES;
				CLANG_WARN_NON_LITERAL_NULL_CONVERSION = YES;
				CLANG_WARN_OBJC_LITERAL_CONVERSION = YES;
				CLANG_WARN_OBJC_ROOT_CLASS = YES_ERROR;
				CLANG_WARN_RANGE_LOOP_ANALYSIS = YES;
				CLANG_WARN_STRICT_PROTOTYPES = YES;
				CLANG_WARN_SUSPICIOUS_MOVE = YES;
				CLANG_WARN_UNGUARDED_AVAILABILITY = YES_AGGRESSIVE;
				CLANG_WARN_UNREACHABLE_CODE = YES;
				CLANG_WARN__DUPLICATE_METHOD_MATCH = YES;
				CODE_SIGN_IDENTITY = "iPhone Developer";
				COPY_PHASE_STRIP = NO;
				DEBUG_INFORMATION_FORMAT = "dwarf-with-dsym";
				ENABLE_NS_ASSERTIONS = NO;
				ENABLE_STRICT_OBJC_MSGSEND = YES;
				GCC_C_LANGUAGE_STANDARD = gnu11;
				GCC_NO_COMMON_BLOCKS = YES;
				GCC_WARN_64_TO_32_BIT_CONVERSION = YES;
				GCC_WARN_ABOUT_RETURN_TYPE = YES_ERROR;
				GCC_WARN_UNDECLARED_SELECTOR = YES;
				GCC_WARN_UNINITIALIZED_AUTOS = YES_AGGRESSIVE;
				GCC_WARN_UNUSED_FUNCTION = YES;
				GCC_WARN_UNUSED_VARIABLE = YES;
				IPHONEOS_DEPLOYMENT_TARGET = 11.1;
				MTL_ENABLE_DEBUG_INFO = NO;
				SDKROOT = iphoneos;
				SWIFT_OPTIMIZATION_LEVEL = "-Owholemodule";
				VALIDATE_PRODUCT = YES;
			};
			name = Release;
		};
		D6BDE2A61FD7262600238CE5 /* Debug */ = {
			isa = XCBuildConfiguration;
			buildSettings = {
				ASSETCATALOG_COMPILER_APPICON_NAME = AppIcon;
				CODE_SIGN_STYLE = Automatic;
				INFOPLIST_FILE = TestAdrian/Info.plist;
				LD_RUNPATH_SEARCH_PATHS = "$(inherited) @executable_path/Frameworks";
				PRODUCT_BUNDLE_IDENTIFIER = com.loon.lab.TestAdrian;
				PRODUCT_NAME = "$(TARGET_NAME)";
				SWIFT_VERSION = 4.0;
				TARGETED_DEVICE_FAMILY = "1,2";
			};
			name = Debug;
		};
		D6BDE2A71FD7262600238CE5 /* Release */ = {
			isa = XCBuildConfiguration;
			buildSettings = {
				ASSETCATALOG_COMPILER_APPICON_NAME = AppIcon;
				CODE_SIGN_STYLE = Automatic;
				INFOPLIST_FILE = TestAdrian/Info.plist;
				LD_RUNPATH_SEARCH_PATHS = "$(inherited) @executable_path/Frameworks";
				PRODUCT_BUNDLE_IDENTIFIER = com.loon.lab.TestAdrian;
				PRODUCT_NAME = "$(TARGET_NAME)";
				SWIFT_VERSION = 4.0;
				TARGETED_DEVICE_FAMILY = "1,2";
			};
			name = Release;
		};
		D6BDE2A91FD7262600238CE5 /* Debug */ = {
			isa = XCBuildConfiguration;
			buildSettings = {
				ALWAYS_EMBED_SWIFT_STANDARD_LIBRARIES = YES;
				BUNDLE_LOADER = "$(TEST_HOST)";
				CODE_SIGN_STYLE = Automatic;
				INFOPLIST_FILE = TestAdrianTests/Info.plist;
				LD_RUNPATH_SEARCH_PATHS = "$(inherited) @executable_path/Frameworks @loader_path/Frameworks";
				PRODUCT_BUNDLE_IDENTIFIER = com.loon.lab.TestAdrianTests;
				PRODUCT_NAME = "$(TARGET_NAME)";
				SWIFT_VERSION = 4.0;
				TARGETED_DEVICE_FAMILY = "1,2";
				TEST_HOST = "$(BUILT_PRODUCTS_DIR)/TestAdrian.app/TestAdrian";
			};
			name = Debug;
		};
		D6BDE2AA1FD7262600238CE5 /* Release */ = {
			isa = XCBuildConfiguration;
			buildSettings = {
				ALWAYS_EMBED_SWIFT_STANDARD_LIBRARIES = YES;
				BUNDLE_LOADER = "$(TEST_HOST)";
				CODE_SIGN_STYLE = Automatic;
				INFOPLIST_FILE = TestAdrianTests/Info.plist;
				LD_RUNPATH_SEARCH_PATHS = "$(inherited) @executable_path/Frameworks @loader_path/Frameworks";
				PRODUCT_BUNDLE_IDENTIFIER = com.loon.lab.TestAdrianTests;
				PRODUCT_NAME = "$(TARGET_NAME)";
				SWIFT_VERSION = 4.0;
				TARGETED_DEVICE_FAMILY = "1,2";
				TEST_HOST = "$(BUILT_PRODUCTS_DIR)/TestAdrian.app/TestAdrian";
			};
			name = Release;
		};
		D6BDE2AC1FD7262600238CE5 /* Debug */ = {
			isa = XCBuildConfiguration;
			buildSettings = {
				ALWAYS_EMBED_SWIFT_STANDARD_LIBRARIES = YES;
				CODE_SIGN_STYLE = Automatic;
				INFOPLIST_FILE = TestAdrianUITests/Info.plist;
				LD_RUNPATH_SEARCH_PATHS = "$(inherited) @executable_path/Frameworks @loader_path/Frameworks";
				PRODUCT_BUNDLE_IDENTIFIER = com.loon.lab.TestAdrianUITests;
				PRODUCT_NAME = "$(TARGET_NAME)";
				SWIFT_VERSION = 4.0;
				TARGETED_DEVICE_FAMILY = "1,2";
				TEST_TARGET_NAME = TestAdrian;
			};
			name = Debug;
		};
		D6BDE2AD1FD7262600238CE5 /* Release */ = {
			isa = XCBuildConfiguration;
			buildSettings = {
				ALWAYS_EMBED_SWIFT_STANDARD_LIBRARIES = YES;
				CODE_SIGN_STYLE = Automatic;
				INFOPLIST_FILE = TestAdrianUITests/Info.plist;
				LD_RUNPATH_SEARCH_PATHS = "$(inherited) @executable_path/Frameworks @loader_path/Frameworks";
				PRODUCT_BUNDLE_IDENTIFIER = com.loon.lab.TestAdrianUITests;
				PRODUCT_NAME = "$(TARGET_NAME)";
				SWIFT_VERSION = 4.0;
				TARGETED_DEVICE_FAMILY = "1,2";
				TEST_TARGET_NAME = TestAdrian;
			};
			name = Release;
		};
/* End XCBuildConfiguration section */

/* Begin XCConfigurationList section */
		D6BDE2781FD7262600238CE5 /* Build configuration list for PBXProject "TestAdrian" */ = {
			isa = XCConfigurationList;
			buildConfigurations = (
				D6BDE2A31FD7262600238CE5 /* Debug */,
				D6BDE2A41FD7262600238CE5 /* Release */,
			);
			defaultConfigurationIsVisible = 0;
			defaultConfigurationName = Release;
		};
		D6BDE2A51FD7262600238CE5 /* Build configuration list for PBXNativeTarget "TestAdrian" */ = {
			isa = XCConfigurationList;
			buildConfigurations = (
				D6BDE2A61FD7262600238CE5 /* Debug */,
				D6BDE2A71FD7262600238CE5 /* Release */,
			);
			defaultConfigurationIsVisible = 0;
			defaultConfigurationName = Release;
		};
		D6BDE2A81FD7262600238CE5 /* Build configuration list for PBXNativeTarget "TestAdrianTests" */ = {
			isa = XCConfigurationList;
			buildConfigurations = (
				D6BDE2A91FD7262600238CE5 /* Debug */,
				D6BDE2AA1FD7262600238CE5 /* Release */,
			);
			defaultConfigurationIsVisible = 0;
			defaultConfigurationName = Release;
		};
		D6BDE2AB1FD7262600238CE5 /* Build configuration list for PBXNativeTarget "TestAdrianUITests" */ = {
			isa = XCConfigurationList;
			buildConfigurations = (
				D6BDE2AC1FD7262600238CE5 /* Debug */,
				D6BDE2AD1FD7262600238CE5 /* Release */,
			);
			defaultConfigurationIsVisible = 0;
			defaultConfigurationName = Release;
		};
/* End XCConfigurationList section */
	};
	rootObject = D6BDE2751FD7262600238CE5 /* Project object */;
}
